
Microsoft Visual Studio Solution File, Format Version 12.00
# Visual Studio Version 17
VisualStudioVersion = 17.4.33110.190
MinimumVisualStudioVersion = 10.0.40219.1
Project("{FAE04EC0-301F-11D3-BF4B-00C04F79EFBC}") = "Work With Forms", "Work With Forms\Work With Forms.csproj", "{BD5EE034-4DC0-4BC2-8EA9-B253AE3A821E}"
EndProject
Global
	GlobalSection(SolutionConfigurationPlatforms) = preSolution
		Debug|Any CPU = Debug|Any CPU
		Release|Any CPU = Release|Any CPU
	EndGlobalSection
	GlobalSection(ProjectConfigurationPlatforms) = postSolution
		{BD5EE034-4DC0-4BC2-8EA9-B253AE3A821E}.Debug|Any CPU.ActiveCfg = Debug|Any CPU
		{BD5EE034-4DC0-4BC2-8EA9-B253AE3A821E}.Debug|Any CPU.Build.0 = Debug|Any CPU
		{BD5EE034-4DC0-4BC2-8EA9-B253AE3A821E}.Release|Any CPU.ActiveCfg = Release|Any CPU
		{BD5EE034-4DC0-4BC2-8EA9-B253AE3A821E}.Release|Any CPU.Build.0 = Release|Any CPU
	EndGlobalSection
	GlobalSection(SolutionProperties) = preSolution
		HideSolutionNode = FALSE
	EndGlobalSection
	GlobalSection(ExtensibilityGlobals) = postSolution
		SolutionGuid = {773D887E-4A88-4504-BC2C-E2A2C51A1B84}
	EndGlobalSection
EndGlobal
